# Generated by pub
# See https://dart.dev/tools/pub/glossary#lockfile
packages:
  async:
    dependency: transitive
    description:
      name: async
      sha256: e2eb0491ba5ddb6177742d2da23904574082139b07c1e33b8503b9f46f3e1a37
      url: "https://pub.tarazerp.ir"
    source: hosted
    version: "2.13.1"
  boolean_selector:
    dependency: transitive
    description:
      name: boolean_selector
      sha256: ecafba3f5e48cd971483fe79d36f493d3220863211d78692b433d40c4f2260e1
      url: "https://pub.tarazerp.ir"
    source: hosted
    version: "2.1.2"
  characters:
    dependency: transitive
    description:
      name: characters
      sha256: faf38497bda5ead2a8c7615f4f7939df04333478bf32e4173fcb06d428b5716b
      url: "https://pub.tarazerp.ir"
    source: hosted
    version: "1.4.1"
  clock:
    dependency: transitive
    description:
      name: clock
      sha256: b58524664d681fb915b754a05008ae3f3418109d991a154083cee84262e6a7ec
      url: "https://pub.tarazerp.ir"
    source: hosted
    version: "1.1.2"
  collection:
    dependency: transitive
    description:
      name: collection
      sha256: "5d71ff3ceecc30fbb8c4c9e3386cd6d1b5be2b03de53713f7c0fef65d013bbf5"
      url: "https://pub.tarazerp.ir"
    source: hosted
    version: "1.19.1"
  fake_async:
    dependency: transitive
    description:
      name: fake_async
      sha256: "8547de021ebe5d3cf0f3b956c9981a846eb8d529f4e6f005d235913c8ea73d01"
      url: "https://pub.tarazerp.ir"
    source: hosted
    version: "1.3.3"
  flutter:
    dependency: "direct main"
    description: flutter
    source: sdk
    version: "0.0.0"
  flutter_lints:
    dependency: "direct dev"
    description:
      name: flutter_lints
      sha256: ad0926adb239737465c92efde21af0cd841a3b0e81b514c1ca385a115426942d
      url: "https://pub.tarazerp.ir"
    source: hosted
    version: "5.0.0"
  flutter_test:
    dependency: "direct dev"
    description: flutter
    source: sdk
    version: "0.0.0"
  leak_tracker:
    dependency: transitive
    description:
      name: leak_tracker
      sha256: "182f2b7b157b8f2504793e3ecd66b8a4e322e1698ef7ab00a9453ef047e95b10"
      url: "https://pub.tarazerp.ir"
    source: hosted
    version: "11.0.2"
  leak_tracker_flutter_testing:
    dependency: transitive
    description:
      name: leak_tracker_flutter_testing
      sha256: "33ba21dd2e0aebdb829b1c87817c37c0c8957fc2689837189305fd35acdd6f8a"
      url: "https://pub.tarazerp.ir"
    source: hosted
    version: "3.0.10"
  leak_tracker_testing:
    dependency: transitive
    description:
      name: leak_tracker_testing
      sha256: "1c8c9f8288a8498abc17d86224b4ea6c54e2a74b7df272b580c7c35b7e94a0e9"
      url: "https://pub.tarazerp.ir"
    source: hosted
    version: "3.0.2"
  lints:
    dependency: transitive
    description:
      name: lints
      sha256: "7fd8ce768c877cd67e72b82cfb6fdbefe8ac42f5fecbcd4eaf129b18eecf9feb"
      url: "https://pub.tarazerp.ir"
    source: hosted
    version: "5.1.1"
  matcher:
    dependency: transitive
    description:
      name: matcher
      sha256: dc0b7dc7651697ea4ff3e69ef44b0407ea32c487a39fff6a4004fa585e901861
      url: "https://pub.tarazerp.ir"
    source: hosted
    version: "0.12.19"
  material_color_utilities:
    dependency: transitive
    description:
      name: material_color_utilities
      sha256: "9c337007e82b1889149c82ed242ed1cb24a66044e30979c44912381e9be4c48b"
      url: "https://pub.tarazerp.ir"
    source: hosted
    version: "0.13.0"
  meta:
    dependency: transitive
    description:
      name: meta
      sha256: "4152ac43e97bc2d6293d8279044dfd69dc0ff993aa38dd0707120fa3692da3d9"
      url: "https://pub.tarazerp.ir"
    source: hosted
    version: "1.17.0"
  path:
    dependency: transitive
    description:
      name: path
      sha256: f2ddc9037096de7b32a4343e48813d4641eae7f9d0359a058e412e3dac12ff97
      url: "https://pub.tarazerp.ir"
    source: hosted
    version: "1.9.1"
  sky_engine:
    dependency: transitive
    description: flutter
    source: sdk
    version: "0.0.0"
  source_span:
    dependency: transitive
    description:
      name: source_span
      sha256: "56a02f1f4cd1a2d96303c0144c93bd6d909eea6bee6bf5a0e0b685edbd4c47ab"
      url: "https://pub.tarazerp.ir"
    source: hosted
    version: "1.10.2"
  stack_trace:
    dependency: transitive
    description:
      name: stack_trace
      sha256: "0037d7a0e3e3c9a547c7f29661d086af41d5cc0d59951e9760647339c17da7e7"
      url: "https://pub.tarazerp.ir"
    source: hosted
    version: "1.12.1"
  stream_channel:
    dependency: transitive
    description:
      name: stream_channel
      sha256: "85021f7502ce19ba9bc6022b046e00d70b3b7dbc2531fbfe719ac917de9e4cad"
      url: "https://pub.tarazerp.ir"
    source: hosted
    version: "2.1.4"
  string_scanner:
    dependency: transitive
    description:
      name: string_scanner
      sha256: e636974dffeaf897e85e534ac4def377a2b520ee3f663ddd132f7f66e75c3d6d
      url: "https://pub.tarazerp.ir"
    source: hosted
    version: "1.4.1"
  term_glyph:
    dependency: transitive
    description:
      name: term_glyph
      sha256: d6ea57eeb1944bea325d29cc207d3c2a24b254350100eb6663f5d0eba12ecc3b
      url: "https://pub.tarazerp.ir"
    source: hosted
    version: "1.2.2"
  test_api:
    dependency: transitive
    description:
      name: test_api
      sha256: "8161c84903fd860b26bfdefb7963b3f0b68fee7adea0f59ef805ecca346f0c7a"
      url: "https://pub.tarazerp.ir"
    source: hosted
    version: "0.7.10"
  vector_math:
    dependency: transitive
    description:
      name: vector_math
      sha256: e2f2aa37c4ef504cba572a93f01bcf389ac10489c6e499ee5d122d274a375077
      url: "https://pub.tarazerp.ir"
    source: hosted
    version: "2.2.0"
  vm_service:
    dependency: transitive
    description:
      name: vm_service
      sha256: dac93c8aec55ce115fa4a6500b3a15f24e1debbaa7248d460ca5e6df756f68aa
      url: "https://pub.tarazerp.ir"
    source: hosted
    version: "15.0.2"
sdks:
  dart: ">=3.10.8 <4.0.0"
  flutter: ">=3.18.0-18.0.pre.54"
